// !$*UTF8*$!
{
	archiveVersion = 1;
	classes = {
	};
	objectVersion = 48;
	objects = {

/* Begin PBXBuildFile section */
		12E3F3CF2B52931B41FC1903 /* Pods_Smack.framework in Frameworks */ = {isa = PBXBuildFile; fileRef = 39400866A3E0F0177B8B96C5 /* Pods_Smack.framework */; };
		A5041DD11FCBB6B2006EBE1F /* RoundedButton.swift in Sources */ = {isa = PBXBuildFile; fileRef = A5041DD01FCBB6B2006EBE1F /* RoundedButton.swift */; };
		A52FC2031FCBA5AE004D798B /* AuthService.swift in Sources */ = {isa = PBXBuildFile; fileRef = A52FC2021FCBA5AE004D798B /* AuthService.swift */; };
		A53371051FC3C88000736009 /* CreateAccountVC.swift in Sources */ = {isa = PBXBuildFile; fileRef = A53371041FC3C88000736009 /* CreateAccountVC.swift */; };
		A568B62B1FBE980000CC0AC6 /* AppDelegate.swift in Sources */ = {isa = PBXBuildFile; fileRef = A568B62A1FBE980000CC0AC6 /* AppDelegate.swift */; };
		A568B6301FBE980000CC0AC6 /* Main.storyboard in Resources */ = {isa = PBXBuildFile; fileRef = A568B62E1FBE980000CC0AC6 /* Main.storyboard */; };
		A568B6321FBE980000CC0AC6 /* Assets.xcassets in Resources */ = {isa = PBXBuildFile; fileRef = A568B6311FBE980000CC0AC6 /* Assets.xcassets */; };
		A568B6351FBE980000CC0AC6 /* LaunchScreen.storyboard in Resources */ = {isa = PBXBuildFile; fileRef = A568B6331FBE980000CC0AC6 /* LaunchScreen.storyboard */; };
		A572A2E01FC2605100DB4141 /* GradientView.swift in Sources */ = {isa = PBXBuildFile; fileRef = A572A2DF1FC2605100DB4141 /* GradientView.swift */; };
		A57D170F1FCFA3070057BD43 /* CircleImage.swift in Sources */ = {isa = PBXBuildFile; fileRef = A57D170E1FCFA3070057BD43 /* CircleImage.swift */; };
		A58385D41FC24D1900D77BB2 /* SWRevealViewController.m in Sources */ = {isa = PBXBuildFile; fileRef = A58385D21FC24D1900D77BB2 /* SWRevealViewController.m */; };
		A5A78AB61FCCD43C00512503 /* UserDataService.swift in Sources */ = {isa = PBXBuildFile; fileRef = A5A78AB51FCCD43C00512503 /* UserDataService.swift */; };
		A5C5971F1FC2585000E77492 /* ChatVC.swift in Sources */ = {isa = PBXBuildFile; fileRef = A5C5971E1FC2585000E77492 /* ChatVC.swift */; };
		A5C597211FC2586300E77492 /* ChannelVC.swift in Sources */ = {isa = PBXBuildFile; fileRef = A5C597201FC2586300E77492 /* ChannelVC.swift */; };
		A5C5BA881FC3BF6F003D61D6 /* Constants.swift in Sources */ = {isa = PBXBuildFile; fileRef = A5C5BA871FC3BF6F003D61D6 /* Constants.swift */; };
		A5C5BA8A1FC3C5CE003D61D6 /* LoginVC.swift in Sources */ = {isa = PBXBuildFile; fileRef = A5C5BA891FC3C5CE003D61D6 /* LoginVC.swift */; };
		A5C5C8301FCD154A006B7132 /* AvatarPickerVC.swift in Sources */ = {isa = PBXBuildFile; fileRef = A5C5C82F1FCD154A006B7132 /* AvatarPickerVC.swift */; };
		A5C5C8321FCD187D006B7132 /* AvatarCell.swift in Sources */ = {isa = PBXBuildFile; fileRef = A5C5C8311FCD187D006B7132 /* AvatarCell.swift */; };
/* End PBXBuildFile section */

/* Begin PBXFileReference section */
		1993C35B7895456C256C4FF5 /* Pods-Smack.debug.xcconfig */ = {isa = PBXFileReference; includeInIndex = 1; lastKnownFileType = text.xcconfig; name = "Pods-Smack.debug.xcconfig"; path = "Pods/Target Support Files/Pods-Smack/Pods-Smack.debug.xcconfig"; sourceTree = "<group>"; };
		39400866A3E0F0177B8B96C5 /* Pods_Smack.framework */ = {isa = PBXFileReference; explicitFileType = wrapper.framework; includeInIndex = 0; path = Pods_Smack.framework; sourceTree = BUILT_PRODUCTS_DIR; };
		A5041DD01FCBB6B2006EBE1F /* RoundedButton.swift */ = {isa = PBXFileReference; lastKnownFileType = sourcecode.swift; path = RoundedButton.swift; sourceTree = "<group>"; };
		A52FC2021FCBA5AE004D798B /* AuthService.swift */ = {isa = PBXFileReference; lastKnownFileType = sourcecode.swift; path = AuthService.swift; sourceTree = "<group>"; };
		A53371041FC3C88000736009 /* CreateAccountVC.swift */ = {isa = PBXFileReference; lastKnownFileType = sourcecode.swift; path = CreateAccountVC.swift; sourceTree = "<group>"; };
		A568B6271FBE980000CC0AC6 /* Smack.app */ = {isa = PBXFileReference; explicitFileType = wrapper.application; includeInIndex = 0; path = Smack.app; sourceTree = BUILT_PRODUCTS_DIR; };
		A568B62A1FBE980000CC0AC6 /* AppDelegate.swift */ = {isa = PBXFileReference; lastKnownFileType = sourcecode.swift; path = AppDelegate.swift; sourceTree = "<group>"; };
		A568B62F1FBE980000CC0AC6 /* Base */ = {isa = PBXFileReference; lastKnownFileType = file.storyboard; name = Base; path = Base.lproj/Main.storyboard; sourceTree = "<group>"; };
		A568B6311FBE980000CC0AC6 /* Assets.xcassets */ = {isa = PBXFileReference; lastKnownFileType = folder.assetcatalog; path = Assets.xcassets; sourceTree = "<group>"; };
		A568B6341FBE980000CC0AC6 /* Base */ = {isa = PBXFileReference; lastKnownFileType = file.storyboard; name = Base; path = Base.lproj/LaunchScreen.storyboard; sourceTree = "<group>"; };
		A568B6361FBE980000CC0AC6 /* Info.plist */ = {isa = PBXFileReference; lastKnownFileType = text.plist.xml; path = Info.plist; sourceTree = "<group>"; };
		A572A2DF1FC2605100DB4141 /* GradientView.swift */ = {isa = PBXFileReference; lastKnownFileType = sourcecode.swift; path = GradientView.swift; sourceTree = "<group>"; };
		A57D170E1FCFA3070057BD43 /* CircleImage.swift */ = {isa = PBXFileReference; lastKnownFileType = sourcecode.swift; path = CircleImage.swift; sourceTree = "<group>"; };
		A58385D11FC24D1800D77BB2 /* Smack-Bridging-Header.h */ = {isa = PBXFileReference; lastKnownFileType = sourcecode.c.h; path = "Smack-Bridging-Header.h"; sourceTree = "<group>"; };
		A58385D21FC24D1900D77BB2 /* SWRevealViewController.m */ = {isa = PBXFileReference; fileEncoding = 4; lastKnownFileType = sourcecode.c.objc; path = SWRevealViewController.m; sourceTree = "<group>"; };
		A58385D31FC24D1900D77BB2 /* SWRevealViewController.h */ = {isa = PBXFileReference; fileEncoding = 4; lastKnownFileType = sourcecode.c.h; path = SWRevealViewController.h; sourceTree = "<group>"; };
		A5A78AB51FCCD43C00512503 /* UserDataService.swift */ = {isa = PBXFileReference; lastKnownFileType = sourcecode.swift; path = UserDataService.swift; sourceTree = "<group>"; };
		A5C5971E1FC2585000E77492 /* ChatVC.swift */ = {isa = PBXFileReference; lastKnownFileType = sourcecode.swift; path = ChatVC.swift; sourceTree = "<group>"; };
		A5C597201FC2586300E77492 /* ChannelVC.swift */ = {isa = PBXFileReference; lastKnownFileType = sourcecode.swift; path = ChannelVC.swift; sourceTree = "<group>"; };
		A5C5BA871FC3BF6F003D61D6 /* Constants.swift */ = {isa = PBXFileReference; lastKnownFileType = sourcecode.swift; path = Constants.swift; sourceTree = "<group>"; };
		A5C5BA891FC3C5CE003D61D6 /* LoginVC.swift */ = {isa = PBXFileReference; lastKnownFileType = sourcecode.swift; path = LoginVC.swift; sourceTree = "<group>"; };
		A5C5C82F1FCD154A006B7132 /* AvatarPickerVC.swift */ = {isa = PBXFileReference; lastKnownFileType = sourcecode.swift; path = AvatarPickerVC.swift; sourceTree = "<group>"; };
		A5C5C8311FCD187D006B7132 /* AvatarCell.swift */ = {isa = PBXFileReference; lastKnownFileType = sourcecode.swift; path = AvatarCell.swift; sourceTree = "<group>"; };
		D02D7BCC1F944ACA8CA4A460 /* Pods-Smack.release.xcconfig */ = {isa = PBXFileReference; includeInIndex = 1; lastKnownFileType = text.xcconfig; name = "Pods-Smack.release.xcconfig"; path = "Pods/Target Support Files/Pods-Smack/Pods-Smack.release.xcconfig"; sourceTree = "<group>"; };
/* End PBXFileReference section */

/* Begin PBXFrameworksBuildPhase section */
		A568B6241FBE980000CC0AC6 /* Frameworks */ = {
			isa = PBXFrameworksBuildPhase;
			buildActionMask = 2147483647;
			files = (
				12E3F3CF2B52931B41FC1903 /* Pods_Smack.framework in Frameworks */,
			);
			runOnlyForDeploymentPostprocessing = 0;
		};
/* End PBXFrameworksBuildPhase section */

/* Begin PBXGroup section */
		120E614FD452FC469E9776E4 /* Frameworks */ = {
			isa = PBXGroup;
			children = (
				39400866A3E0F0177B8B96C5 /* Pods_Smack.framework */,
			);
			name = Frameworks;
			sourceTree = "<group>";
		};
		7D4B7215072558F2943F9898 /* Pods */ = {
			isa = PBXGroup;
			children = (
				1993C35B7895456C256C4FF5 /* Pods-Smack.debug.xcconfig */,
				D02D7BCC1F944ACA8CA4A460 /* Pods-Smack.release.xcconfig */,
			);
			name = Pods;
			sourceTree = "<group>";
		};
		A52FC2011FCBA58D004D798B /* Services */ = {
			isa = PBXGroup;
			children = (
				A52FC2021FCBA5AE004D798B /* AuthService.swift */,
				A5A78AB51FCCD43C00512503 /* UserDataService.swift */,
			);
			path = Services;
			sourceTree = "<group>";
		};
		A568B61E1FBE980000CC0AC6 = {
			isa = PBXGroup;
			children = (
				A58385D01FC24CBC00D77BB2 /* Supporting Files */,
				A568B6291FBE980000CC0AC6 /* Smack */,
				A568B6281FBE980000CC0AC6 /* Products */,
				7D4B7215072558F2943F9898 /* Pods */,
				120E614FD452FC469E9776E4 /* Frameworks */,
			);
			sourceTree = "<group>";
		};
		A568B6281FBE980000CC0AC6 /* Products */ = {
			isa = PBXGroup;
			children = (
				A568B6271FBE980000CC0AC6 /* Smack.app */,
			);
			name = Products;
			sourceTree = "<group>";
		};
		A568B6291FBE980000CC0AC6 /* Smack */ = {
			isa = PBXGroup;
			children = (
				A52FC2011FCBA58D004D798B /* Services */,
				A5C5BA861FC3BF45003D61D6 /* Utilities */,
				A5C5971D1FC2582300E77492 /* Model */,
				A5C5971C1FC2581900E77492 /* View */,
				A5C5971B1FC2581000E77492 /* Controller */,
				A568B62A1FBE980000CC0AC6 /* AppDelegate.swift */,
				A568B62E1FBE980000CC0AC6 /* Main.storyboard */,
				A568B6311FBE980000CC0AC6 /* Assets.xcassets */,
				A568B6331FBE980000CC0AC6 /* LaunchScreen.storyboard */,
				A568B6361FBE980000CC0AC6 /* Info.plist */,
			);
			path = Smack;
			sourceTree = "<group>";
		};
		A58385D01FC24CBC00D77BB2 /* Supporting Files */ = {
			isa = PBXGroup;
			children = (
				A58385D31FC24D1900D77BB2 /* SWRevealViewController.h */,
				A58385D21FC24D1900D77BB2 /* SWRevealViewController.m */,
				A58385D11FC24D1800D77BB2 /* Smack-Bridging-Header.h */,
			);
			path = "Supporting Files";
			sourceTree = "<group>";
		};
		A5C5971B1FC2581000E77492 /* Controller */ = {
			isa = PBXGroup;
			children = (
				A5C5971E1FC2585000E77492 /* ChatVC.swift */,
				A5C597201FC2586300E77492 /* ChannelVC.swift */,
				A5C5BA891FC3C5CE003D61D6 /* LoginVC.swift */,
				A53371041FC3C88000736009 /* CreateAccountVC.swift */,
				A5C5C82F1FCD154A006B7132 /* AvatarPickerVC.swift */,
			);
			path = Controller;
			sourceTree = "<group>";
		};
		A5C5971C1FC2581900E77492 /* View */ = {
			isa = PBXGroup;
			children = (
				A572A2DF1FC2605100DB4141 /* GradientView.swift */,
				A5041DD01FCBB6B2006EBE1F /* RoundedButton.swift */,
				A5C5C8311FCD187D006B7132 /* AvatarCell.swift */,
				A57D170E1FCFA3070057BD43 /* CircleImage.swift */,
			);
			path = View;
			sourceTree = "<group>";
		};
		A5C5971D1FC2582300E77492 /* Model */ = {
			isa = PBXGroup;
			children = (
			);
			path = Model;
			sourceTree = "<group>";
		};
		A5C5BA861FC3BF45003D61D6 /* Utilities */ = {
			isa = PBXGroup;
			children = (
				A5C5BA871FC3BF6F003D61D6 /* Constants.swift */,
			);
			path = Utilities;
			sourceTree = "<group>";
		};
/* End PBXGroup section */

/* Begin PBXNativeTarget section */
		A568B6261FBE980000CC0AC6 /* Smack */ = {
			isa = PBXNativeTarget;
			buildConfigurationList = A568B6391FBE980000CC0AC6 /* Build configuration list for PBXNativeTarget "Smack" */;
			buildPhases = (
				DD2ED498B7D60518B60A9EC4 /* [CP] Check Pods Manifest.lock */,
				A568B6231FBE980000CC0AC6 /* Sources */,
				A568B6241FBE980000CC0AC6 /* Frameworks */,
				A568B6251FBE980000CC0AC6 /* Resources */,
				B169940F2B86F5CC9A3E2D36 /* [CP] Embed Pods Frameworks */,
				2901BD2AD25F068ABC26A3A3 /* [CP] Copy Pods Resources */,
			);
			buildRules = (
			);
			dependencies = (
			);
			name = Smack;
			productName = Smack;
			productReference = A568B6271FBE980000CC0AC6 /* Smack.app */;
			productType = "com.apple.product-type.application";
		};
/* End PBXNativeTarget section */

/* Begin PBXProject section */
		A568B61F1FBE980000CC0AC6 /* Project object */ = {
			isa = PBXProject;
			attributes = {
				LastSwiftUpdateCheck = 0920;
				LastUpgradeCheck = 0920;
				ORGANIZATIONNAME = "Gorgeous Running";
				TargetAttributes = {
					A568B6261FBE980000CC0AC6 = {
						CreatedOnToolsVersion = 9.2;
						LastSwiftMigration = 0920;
						ProvisioningStyle = Automatic;
					};
				};
			};
			buildConfigurationList = A568B6221FBE980000CC0AC6 /* Build configuration list for PBXProject "Smack" */;
			compatibilityVersion = "Xcode 8.0";
			developmentRegion = en;
			hasScannedForEncodings = 0;
			knownRegions = (
				en,
				Base,
			);
			mainGroup = A568B61E1FBE980000CC0AC6;
			productRefGroup = A568B6281FBE980000CC0AC6 /* Products */;
			projectDirPath = "";
			projectRoot = "";
			targets = (
				A568B6261FBE980000CC0AC6 /* Smack */,
			);
		};
/* End PBXProject section */

/* Begin PBXResourcesBuildPhase section */
		A568B6251FBE980000CC0AC6 /* Resources */ = {
			isa = PBXResourcesBuildPhase;
			buildActionMask = 2147483647;
			files = (
				A568B6351FBE980000CC0AC6 /* LaunchScreen.storyboard in Resources */,
				A568B6321FBE980000CC0AC6 /* Assets.xcassets in Resources */,
				A568B6301FBE980000CC0AC6 /* Main.storyboard in Resources */,
			);
			runOnlyForDeploymentPostprocessing = 0;
		};
/* End PBXResourcesBuildPhase section */

/* Begin PBXShellScriptBuildPhase section */
		2901BD2AD25F068ABC26A3A3 /* [CP] Copy Pods Resources */ = {
			isa = PBXShellScriptBuildPhase;
			buildActionMask = 2147483647;
			files = (
			);
			inputPaths = (
			);
			name = "[CP] Copy Pods Resources";
			outputPaths = (
			);
			runOnlyForDeploymentPostprocessing = 0;
			shellPath = /bin/sh;
			shellScript = "\"${SRCROOT}/Pods/Target Support Files/Pods-Smack/Pods-Smack-resources.sh\"\n";
			showEnvVarsInLog = 0;
		};
		B169940F2B86F5CC9A3E2D36 /* [CP] Embed Pods Frameworks */ = {
			isa = PBXShellScriptBuildPhase;
			buildActionMask = 2147483647;
			files = (
			);
			inputPaths = (
			);
			name = "[CP] Embed Pods Frameworks";
			outputPaths = (
			);
			runOnlyForDeploymentPostprocessing = 0;
			shellPath = /bin/sh;
			shellScript = "\"${SRCROOT}/Pods/Target Support Files/Pods-Smack/Pods-Smack-frameworks.sh\"\n";
			showEnvVarsInLog = 0;
		};
		DD2ED498B7D60518B60A9EC4 /* [CP] Check Pods Manifest.lock */ = {
			isa = PBXShellScriptBuildPhase;
			buildActionMask = 2147483647;
			files = (
			);
			inputPaths = (
			);
			name = "[CP] Check Pods Manifest.lock";
			outputPaths = (
			);
			runOnlyForDeploymentPostprocessing = 0;
			shellPath = /bin/sh;
			shellScript = "diff \"${PODS_ROOT}/../Podfile.lock\" \"${PODS_ROOT}/Manifest.lock\" > /dev/null\nif [ $? != 0 ] ; then\n    # print error to STDERR\n    echo \"error: The sandbox is not in sync with the Podfile.lock. Run 'pod install' or update your CocoaPods installation.\" >&2\n    exit 1\nfi\n";
			showEnvVarsInLog = 0;
		};
/* End PBXShellScriptBuildPhase section */

/* Begin PBXSourcesBuildPhase section */
		A568B6231FBE980000CC0AC6 /* Sources */ = {
			isa = PBXSourcesBuildPhase;
			buildActionMask = 2147483647;
			files = (
				A5C597211FC2586300E77492 /* ChannelVC.swift in Sources */,
				A5C5C8301FCD154A006B7132 /* AvatarPickerVC.swift in Sources */,
				A5041DD11FCBB6B2006EBE1F /* RoundedButton.swift in Sources */,
				A57D170F1FCFA3070057BD43 /* CircleImage.swift in Sources */,
				A5C5971F1FC2585000E77492 /* ChatVC.swift in Sources */,
				A5A78AB61FCCD43C00512503 /* UserDataService.swift in Sources */,
				A53371051FC3C88000736009 /* CreateAccountVC.swift in Sources */,
				A52FC2031FCBA5AE004D798B /* AuthService.swift in Sources */,
				A5C5BA8A1FC3C5CE003D61D6 /* LoginVC.swift in Sources */,
				A572A2E01FC2605100DB4141 /* GradientView.swift in Sources */,
				A5C5C8321FCD187D006B7132 /* AvatarCell.swift in Sources */,
				A568B62B1FBE980000CC0AC6 /* AppDelegate.swift in Sources */,
				A58385D41FC24D1900D77BB2 /* SWRevealViewController.m in Sources */,
				A5C5BA881FC3BF6F003D61D6 /* Constants.swift in Sources */,
			);
			runOnlyForDeploymentPostprocessing = 0;
		};
/* End PBXSourcesBuildPhase section */

/* Begin PBXVariantGroup section */
		A568B62E1FBE980000CC0AC6 /* Main.storyboard */ = {
			isa = PBXVariantGroup;
			children = (
				A568B62F1FBE980000CC0AC6 /* Base */,
			);
			name = Main.storyboard;
			sourceTree = "<group>";
		};
		A568B6331FBE980000CC0AC6 /* LaunchScreen.storyboard */ = {
			isa = PBXVariantGroup;
			children = (
				A568B6341FBE980000CC0AC6 /* Base */,
			);
			name = LaunchScreen.storyboard;
			sourceTree = "<group>";
		};
/* End PBXVariantGroup section */

/* Begin XCBuildConfiguration section */
		A568B6371FBE980000CC0AC6 /* Debug */ = {
			isa = XCBuildConfiguration;
			buildSettings = {
				ALWAYS_SEARCH_USER_PATHS = NO;
				CLANG_ANALYZER_NONNULL = YES;
				CLANG_ANALYZER_NUMBER_OBJECT_CONVERSION = YES_AGGRESSIVE;
				CLANG_CXX_LANGUAGE_STANDARD = "gnu++14";
				CLANG_CXX_LIBRARY = "libc++";
				CLANG_ENABLE_MODULES = YES;
				CLANG_ENABLE_OBJC_ARC = YES;
				CLANG_WARN_BLOCK_CAPTURE_AUTORELEASING = YES;
				CLANG_WARN_BOOL_CONVERSION = YES;
				CLANG_WARN_COMMA = YES;
				CLANG_WARN_CONSTANT_CONVERSION = YES;
				CLANG_WARN_DIRECT_OBJC_ISA_USAGE = YES_ERROR;
				CLANG_WARN_DOCUMENTATION_COMMENTS = YES;
				CLANG_WARN_EMPTY_BODY = YES;
				CLANG_WARN_ENUM_CONVERSION = YES;
				CLANG_WARN_INFINITE_RECURSION = YES;
				CLANG_WARN_INT_CONVERSION = YES;
				CLANG_WARN_NON_LITERAL_NULL_CONVERSION = YES;
				CLANG_WARN_OBJC_LITERAL_CONVERSION = YES;
				CLANG_WARN_OBJC_ROOT_CLASS = YES_ERROR;
				CLANG_WARN_RANGE_LOOP_ANALYSIS = YES;
				CLANG_WARN_STRICT_PROTOTYPES = YES;
				CLANG_WARN_SUSPICIOUS_MOVE = YES;
				CLANG_WARN_UNGUARDED_AVAILABILITY = YES_AGGRESSIVE;
				CLANG_WARN_UNREACHABLE_CODE = YES;
				CLANG_WARN__DUPLICATE_METHOD_MATCH = YES;
				CODE_SIGN_IDENTITY = "iPhone Developer";
				COPY_PHASE_STRIP = NO;
				DEBUG_INFORMATION_FORMAT = dwarf;
				ENABLE_STRICT_OBJC_MSGSEND = YES;
				ENABLE_TESTABILITY = YES;
				GCC_C_LANGUAGE_STANDARD = gnu11;
				GCC_DYNAMIC_NO_PIC = NO;
				GCC_NO_COMMON_BLOCKS = YES;
				GCC_OPTIMIZATION_LEVEL = 0;
				GCC_PREPROCESSOR_DEFINITIONS = (
					"DEBUG=1",
					"$(inherited)",
				);
				GCC_WARN_64_TO_32_BIT_CONVERSION = YES;
				GCC_WARN_ABOUT_RETURN_TYPE = YES_ERROR;
				GCC_WARN_UNDECLARED_SELECTOR = YES;
				GCC_WARN_UNINITIALIZED_AUTOS = YES_AGGRESSIVE;
				GCC_WARN_UNUSED_FUNCTION = YES;
				GCC_WARN_UNUSED_VARIABLE = YES;
				IPHONEOS_DEPLOYMENT_TARGET = 11.2;
				MTL_ENABLE_DEBUG_INFO = YES;
				ONLY_ACTIVE_ARCH = YES;
				SDKROOT = iphoneos;
				SWIFT_ACTIVE_COMPILATION_CONDITIONS = DEBUG;
				SWIFT_OPTIMIZATION_LEVEL = "-Onone";
			};
			name = Debug;
		};
		A568B6381FBE980000CC0AC6 /* Release */ = {
			isa = XCBuildConfiguration;
			buildSettings = {
				ALWAYS_SEARCH_USER_PATHS = NO;
				CLANG_ANALYZER_NONNULL = YES;
				CLANG_ANALYZER_NUMBER_OBJECT_CONVERSION = YES_AGGRESSIVE;
				CLANG_CXX_LANGUAGE_STANDARD = "gnu++14";
				CLANG_CXX_LIBRARY = "libc++";
				CLANG_ENABLE_MODULES = YES;
				CLANG_ENABLE_OBJC_ARC = YES;
				CLANG_WARN_BLOCK_CAPTURE_AUTORELEASING = YES;
				CLANG_WARN_BOOL_CONVERSION = YES;
				CLANG_WARN_COMMA = YES;
				CLANG_WARN_CONSTANT_CONVERSION = YES;
				CLANG_WARN_DIRECT_OBJC_ISA_USAGE = YES_ERROR;
				CLANG_WARN_DOCUMENTATION_COMMENTS = YES;
				CLANG_WARN_EMPTY_BODY = YES;
				CLANG_WARN_ENUM_CONVERSION = YES;
				CLANG_WARN_INFINITE_RECURSION = YES;
				CLANG_WARN_INT_CONVERSION = YES;
				CLANG_WARN_NON_LITERAL_NULL_CONVERSION = YES;
				CLANG_WARN_OBJC_LITERAL_CONVERSION = YES;
				CLANG_WARN_OBJC_ROOT_CLASS = YES_ERROR;
				CLANG_WARN_RANGE_LOOP_ANALYSIS = YES;
				CLANG_WARN_STRICT_PROTOTYPES = YES;
				CLANG_WARN_SUSPICIOUS_MOVE = YES;
				CLANG_WARN_UNGUARDED_AVAILABILITY = YES_AGGRESSIVE;
				CLANG_WARN_UNREACHABLE_CODE = YES;
				CLANG_WARN__DUPLICATE_METHOD_MATCH = YES;
				CODE_SIGN_IDENTITY = "iPhone Developer";
				COPY_PHASE_STRIP = NO;
				DEBUG_INFORMATION_FORMAT = "dwarf-with-dsym";
				ENABLE_NS_ASSERTIONS = NO;
				ENABLE_STRICT_OBJC_MSGSEND = YES;
				GCC_C_LANGUAGE_STANDARD = gnu11;
				GCC_NO_COMMON_BLOCKS = YES;
				GCC_WARN_64_TO_32_BIT_CONVERSION = YES;
				GCC_WARN_ABOUT_RETURN_TYPE = YES_ERROR;
				GCC_WARN_UNDECLARED_SELECTOR = YES;
				GCC_WARN_UNINITIALIZED_AUTOS = YES_AGGRESSIVE;
				GCC_WARN_UNUSED_FUNCTION = YES;
				GCC_WARN_UNUSED_VARIABLE = YES;
				IPHONEOS_DEPLOYMENT_TARGET = 11.2;
				MTL_ENABLE_DEBUG_INFO = NO;
				SDKROOT = iphoneos;
				SWIFT_OPTIMIZATION_LEVEL = "-Owholemodule";
				VALIDATE_PRODUCT = YES;
			};
			name = Release;
		};
		A568B63A1FBE980000CC0AC6 /* Debug */ = {
			isa = XCBuildConfiguration;
			baseConfigurationReference = 1993C35B7895456C256C4FF5 /* Pods-Smack.debug.xcconfig */;
			buildSettings = {
				ASSETCATALOG_COMPILER_APPICON_NAME = AppIcon;
				CLANG_ENABLE_MODULES = YES;
				CODE_SIGN_STYLE = Automatic;
				DEVELOPMENT_TEAM = 8VLBP5CT87;
				INFOPLIST_FILE = Smack/Info.plist;
				LD_RUNPATH_SEARCH_PATHS = "$(inherited) @executable_path/Frameworks";
				PRODUCT_BUNDLE_IDENTIFIER = com.gorgeousrunning.Smack;
				PRODUCT_NAME = "$(TARGET_NAME)";
				SWIFT_OBJC_BRIDGING_HEADER = "Supporting Files/Smack-Bridging-Header.h";
				SWIFT_OPTIMIZATION_LEVEL = "-Onone";
				SWIFT_VERSION = 4.0;
				TARGETED_DEVICE_FAMILY = "1,2";
			};
			name = Debug;
		};
		A568B63B1FBE980000CC0AC6 /* Release */ = {
			isa = XCBuildConfiguration;
			baseConfigurationReference = D02D7BCC1F944ACA8CA4A460 /* Pods-Smack.release.xcconfig */;
			buildSettings = {
				ASSETCATALOG_COMPILER_APPICON_NAME = AppIcon;
				CLANG_ENABLE_MODULES = YES;
				CODE_SIGN_STYLE = Automatic;
				DEVELOPMENT_TEAM = 8VLBP5CT87;
				INFOPLIST_FILE = Smack/Info.plist;
				LD_RUNPATH_SEARCH_PATHS = "$(inherited) @executable_path/Frameworks";
				PRODUCT_BUNDLE_IDENTIFIER = com.gorgeousrunning.Smack;
				PRODUCT_NAME = "$(TARGET_NAME)";
				SWIFT_OBJC_BRIDGING_HEADER = "Supporting Files/Smack-Bridging-Header.h";
				SWIFT_VERSION = 4.0;
				TARGETED_DEVICE_FAMILY = "1,2";
			};
			name = Release;
		};
/* End XCBuildConfiguration section */

/* Begin XCConfigurationList section */
		A568B6221FBE980000CC0AC6 /* Build configuration list for PBXProject "Smack" */ = {
			isa = XCConfigurationList;
			buildConfigurations = (
				A568B6371FBE980000CC0AC6 /* Debug */,
				A568B6381FBE980000CC0AC6 /* Release */,
			);
			defaultConfigurationIsVisible = 0;
			defaultConfigurationName = Release;
		};
		A568B6391FBE980000CC0AC6 /* Build configuration list for PBXNativeTarget "Smack" */ = {
			isa = XCConfigurationList;
			buildConfigurations = (
				A568B63A1FBE980000CC0AC6 /* Debug */,
				A568B63B1FBE980000CC0AC6 /* Release */,
			);
			defaultConfigurationIsVisible = 0;
			defaultConfigurationName = Release;
		};
/* End XCConfigurationList section */
	};
	rootObject = A568B61F1FBE980000CC0AC6 /* Project object */;
}
